<?xml version="1.0" encoding="utf-8"?>
<Project ToolsVersion="4.0" xmlns="http://schemas.microsoft.com/developer/msbuild/2003">
  <ItemGroup>
    <Filter Include="源文件">
      <UniqueIdentifier>{4FC737F1-C7A5-4376-A066-2A32D752A2FF}</UniqueIdentifier>
      <Extensions>cpp;c;cc;cxx;c++;cppm;ixx;def;odl;idl;hpj;bat;asm;asmx</Extensions>
    </Filter>
    <Filter Include="头文件">
      <UniqueIdentifier>{93995380-89BD-4b04-88EB-625FBE52EBFB}</UniqueIdentifier>
      <Extensions>h;hh;hpp;hxx;h++;hm;inl;inc;ipp;xsd</Extensions>
    </Filter>
    <Filter Include="资源文件">
      <UniqueIdentifier>{67DA6AB6-F800-4c08-8B7A-83BB121AAD01}</UniqueIdentifier>
      <Extensions>rc;ico;cur;bmp;dlg;rc2;rct;bin;rgs;gif;jpg;jpeg;jpe;resx;tiff;tif;png;wav;mfcribbon-ms</Extensions>
    </Filter>
    <Filter Include="头文件\extension">
      <UniqueIdentifier>{43dd4562-6ee1-4940-88cc-722c2b8c5558}</UniqueIdentifier>
    </Filter>
    <Filter Include="源文件\extension">
      <UniqueIdentifier>{1f11fee2-180d-475c-a637-83a32feb8aa6}</UniqueIdentifier>
    </Filter>
    <Filter Include="头文件\macros">
      <UniqueIdentifier>{2a3864a9-5a75-4305-a716-91df3237a2eb}</UniqueIdentifier>
    </Filter>
    <Filter Include="头文件\crypto">
      <UniqueIdentifier>{a0c8c1f0-df86-49a0-b579-ae7eaeec49a2}</UniqueIdentifier>
    </Filter>
    <Filter Include="源文件\crypto">
      <UniqueIdentifier>{c994868f-4aa1-4eee-8cb4-ce14db80853d}</UniqueIdentifier>
    </Filter>
    <Filter Include="头文件\datastructure">
      <UniqueIdentifier>{369fd210-b8fa-429b-ae4f-8e350b5df398}</UniqueIdentifier>
    </Filter>
    <Filter Include="头文件\datastructure\linkedlist">
      <UniqueIdentifier>{e2a41a36-2fff-496b-b1c1-e91bcf1cd8b6}</UniqueIdentifier>
    </Filter>
    <Filter Include="头文件\controlflow">
      <UniqueIdentifier>{afec2483-6590-44d1-832f-a1242263e453}</UniqueIdentifier>
    </Filter>
  </ItemGroup>
  <ItemGroup>
    <ClCompile Include="main.cpp">
      <Filter>源文件</Filter>
    </ClCompile>
    <ClCompile Include="src\extension\extension.cpp">
      <Filter>源文件\extension</Filter>
    </ClCompile>
    <ClCompile Include="src\crypto\aes.cpp">
      <Filter>源文件\crypto</Filter>
    </ClCompile>
    <ClCompile Include="src\crypto\padding.cpp">
      <Filter>源文件\crypto</Filter>
    </ClCompile>
    <ClCompile Include="src\crypto\bit_operate.cpp">
      <Filter>源文件\crypto</Filter>
    </ClCompile>
  </ItemGroup>
  <ItemGroup>
    <ClInclude Include="include\stdheader.h">
      <Filter>头文件</Filter>
    </ClInclude>
    <ClInclude Include="include\extension\extension.h">
      <Filter>头文件\extension</Filter>
    </ClInclude>
    <ClInclude Include="include\macros\macros.h">
      <Filter>头文件\macros</Filter>
    </ClInclude>
    <ClInclude Include="include\crypto\aes.h">
      <Filter>头文件\crypto</Filter>
    </ClInclude>
    <ClInclude Include="include\datastructure\linkedlist\linkedlist.h">
      <Filter>头文件\datastructure\linkedlist</Filter>
    </ClInclude>
    <ClInclude Include="include\crypto\bit_operate.h">
      <Filter>头文件\crypto</Filter>
    </ClInclude>
    <ClInclude Include="include\crypto\padding.h">
      <Filter>头文件\crypto</Filter>
    </ClInclude>
    <ClInclude Include="include\controlflow\finally.hpp">
      <Filter>头文件\controlflow</Filter>
    </ClInclude>
  </ItemGroup>
</Project>